
Microsoft Visual Studio Solution File, Format Version 12.00
# Visual Studio Version 17
VisualStudioVersion = 17.5.33530.505
MinimumVisualStudioVersion = 10.0.40219.1
Project("{FAE04EC0-301F-11D3-BF4B-00C04F79EFBC}") = "Infotech-web", "Infotech-web\Infotech-web.csproj", "{127B25C7-8012-4A8B-9B9C-7507CD099019}"
EndProject
Global
	GlobalSection(SolutionConfigurationPlatforms) = preSolution
		Debug|Any CPU = Debug|Any CPU
		Release|Any CPU = Release|Any CPU
	EndGlobalSection
	GlobalSection(ProjectConfigurationPlatforms) = postSolution
		{127B25C7-8012-4A8B-9B9C-7507CD099019}.Debug|Any CPU.ActiveCfg = Debug|Any CPU
		{127B25C7-8012-4A8B-9B9C-7507CD099019}.Debug|Any CPU.Build.0 = Debug|Any CPU
		{127B25C7-8012-4A8B-9B9C-7507CD099019}.Release|Any CPU.ActiveCfg = Release|Any CPU
		{127B25C7-8012-4A8B-9B9C-7507CD099019}.Release|Any CPU.Build.0 = Release|Any CPU
	EndGlobalSection
	GlobalSection(SolutionProperties) = preSolution
		HideSolutionNode = FALSE
	EndGlobalSection
	GlobalSection(ExtensibilityGlobals) = postSolution
		SolutionGuid = {FD992343-09B5-4B27-81AE-B3E78AACFBD3}
	EndGlobalSection
EndGlobal
